// !$*UTF8*$!
{
	archiveVersion = 1;
	classes = {
	};
	objectVersion = 46;
	objects = {

/* Begin PBXBuildFile section */
		56C69C461A77C8D700982ECE /* UIView+AutoLayout.swift in Sources */ = {isa = PBXBuildFile; fileRef = 56C69C451A77C8D700982ECE /* UIView+AutoLayout.swift */; };
		7A1FA68F1A6E13CF00374C69 /* AppDelegate.swift in Sources */ = {isa = PBXBuildFile; fileRef = 7A1FA68E1A6E13CF00374C69 /* AppDelegate.swift */; };
		7A1FA6911A6E13CF00374C69 /* ViewController.swift in Sources */ = {isa = PBXBuildFile; fileRef = 7A1FA6901A6E13CF00374C69 /* ViewController.swift */; };
		7A1FA6941A6E13CF00374C69 /* Main.storyboard in Resources */ = {isa = PBXBuildFile; fileRef = 7A1FA6921A6E13CF00374C69 /* Main.storyboard */; };
		7A1FA6961A6E13CF00374C69 /* Images.xcassets in Resources */ = {isa = PBXBuildFile; fileRef = 7A1FA6951A6E13CF00374C69 /* Images.xcassets */; };
		7A1FA6991A6E13CF00374C69 /* LaunchScreen.xib in Resources */ = {isa = PBXBuildFile; fileRef = 7A1FA6971A6E13CF00374C69 /* LaunchScreen.xib */; };
		7A1FA6A51A6E13CF00374C69 /* ARNPageContainer_SwiftTests.swift in Sources */ = {isa = PBXBuildFile; fileRef = 7A1FA6A41A6E13CF00374C69 /* ARNPageContainer_SwiftTests.swift */; };
		7A1FA6B01A6E145B00374C69 /* ARNPageContainer.swift in Sources */ = {isa = PBXBuildFile; fileRef = 7A1FA6AF1A6E145B00374C69 /* ARNPageContainer.swift */; };
		7A1FA6B21A6E153200374C69 /* ARNPageContainerTabView.swift in Sources */ = {isa = PBXBuildFile; fileRef = 7A1FA6B11A6E153200374C69 /* ARNPageContainerTabView.swift */; };
		7A7C2E0E1A8B7BE6006D1842 /* image.JPG in Resources */ = {isa = PBXBuildFile; fileRef = 7A7C2E0D1A8B7BE6006D1842 /* image.JPG */; };
		910836A01BA00C7700F293BB /* UIColor+RGBA.swift in Sources */ = {isa = PBXBuildFile; fileRef = 9108369F1BA00C7700F293BB /* UIColor+RGBA.swift */; };
/* End PBXBuildFile section */

/* Begin PBXContainerItemProxy section */
		7A1FA69F1A6E13CF00374C69 /* PBXContainerItemProxy */ = {
			isa = PBXContainerItemProxy;
			containerPortal = 7A1FA6811A6E13CF00374C69 /* Project object */;
			proxyType = 1;
			remoteGlobalIDString = 7A1FA6881A6E13CF00374C69;
			remoteInfo = "ARNPageContainer-Swift";
		};
/* End PBXContainerItemProxy section */

/* Begin PBXFileReference section */
		56C69C451A77C8D700982ECE /* UIView+AutoLayout.swift */ = {isa = PBXFileReference; fileEncoding = 4; lastKnownFileType = sourcecode.swift; name = "UIView+AutoLayout.swift"; path = "../../Lib/UIView+AutoLayout.swift"; sourceTree = "<group>"; };
		7A1FA6891A6E13CF00374C69 /* ARNPageContainer-Swift.app */ = {isa = PBXFileReference; explicitFileType = wrapper.application; includeInIndex = 0; path = "ARNPageContainer-Swift.app"; sourceTree = BUILT_PRODUCTS_DIR; };
		7A1FA68D1A6E13CF00374C69 /* Info.plist */ = {isa = PBXFileReference; lastKnownFileType = text.plist.xml; path = Info.plist; sourceTree = "<group>"; };
		7A1FA68E1A6E13CF00374C69 /* AppDelegate.swift */ = {isa = PBXFileReference; lastKnownFileType = sourcecode.swift; path = AppDelegate.swift; sourceTree = "<group>"; };
		7A1FA6901A6E13CF00374C69 /* ViewController.swift */ = {isa = PBXFileReference; lastKnownFileType = sourcecode.swift; path = ViewController.swift; sourceTree = "<group>"; };
		7A1FA6931A6E13CF00374C69 /* Base */ = {isa = PBXFileReference; lastKnownFileType = file.storyboard; name = Base; path = Base.lproj/Main.storyboard; sourceTree = "<group>"; };
		7A1FA6951A6E13CF00374C69 /* Images.xcassets */ = {isa = PBXFileReference; lastKnownFileType = folder.assetcatalog; path = Images.xcassets; sourceTree = "<group>"; };
		7A1FA6981A6E13CF00374C69 /* Base */ = {isa = PBXFileReference; lastKnownFileType = file.xib; name = Base; path = Base.lproj/LaunchScreen.xib; sourceTree = "<group>"; };
		7A1FA69E1A6E13CF00374C69 /* ARNPageContainer-SwiftTests.xctest */ = {isa = PBXFileReference; explicitFileType = wrapper.cfbundle; includeInIndex = 0; path = "ARNPageContainer-SwiftTests.xctest"; sourceTree = BUILT_PRODUCTS_DIR; };
		7A1FA6A31A6E13CF00374C69 /* Info.plist */ = {isa = PBXFileReference; lastKnownFileType = text.plist.xml; path = Info.plist; sourceTree = "<group>"; };
		7A1FA6A41A6E13CF00374C69 /* ARNPageContainer_SwiftTests.swift */ = {isa = PBXFileReference; lastKnownFileType = sourcecode.swift; path = ARNPageContainer_SwiftTests.swift; sourceTree = "<group>"; };
		7A1FA6AF1A6E145B00374C69 /* ARNPageContainer.swift */ = {isa = PBXFileReference; fileEncoding = 4; lastKnownFileType = sourcecode.swift; name = ARNPageContainer.swift; path = ../../Lib/ARNPageContainer.swift; sourceTree = "<group>"; };
		7A1FA6B11A6E153200374C69 /* ARNPageContainerTabView.swift */ = {isa = PBXFileReference; fileEncoding = 4; lastKnownFileType = sourcecode.swift; name = ARNPageContainerTabView.swift; path = ../../Lib/ARNPageContainerTabView.swift; sourceTree = "<group>"; };
		7A7C2E0D1A8B7BE6006D1842 /* image.JPG */ = {isa = PBXFileReference; lastKnownFileType = image.jpeg; path = image.JPG; sourceTree = "<group>"; };
		9108369F1BA00C7700F293BB /* UIColor+RGBA.swift */ = {isa = PBXFileReference; fileEncoding = 4; lastKnownFileType = sourcecode.swift; path = "UIColor+RGBA.swift"; sourceTree = "<group>"; };
/* End PBXFileReference section */

/* Begin PBXFrameworksBuildPhase section */
		7A1FA6861A6E13CF00374C69 /* Frameworks */ = {
			isa = PBXFrameworksBuildPhase;
			buildActionMask = 2147483647;
			files = (
			);
			runOnlyForDeploymentPostprocessing = 0;
		};
		7A1FA69B1A6E13CF00374C69 /* Frameworks */ = {
			isa = PBXFrameworksBuildPhase;
			buildActionMask = 2147483647;
			files = (
			);
			runOnlyForDeploymentPostprocessing = 0;
		};
/* End PBXFrameworksBuildPhase section */

/* Begin PBXGroup section */
		7A1FA6801A6E13CF00374C69 = {
			isa = PBXGroup;
			children = (
				7A1FA68B1A6E13CF00374C69 /* ARNPageContainer-Swift */,
				7A1FA6A11A6E13CF00374C69 /* ARNPageContainer-SwiftTests */,
				7A1FA68A1A6E13CF00374C69 /* Products */,
			);
			sourceTree = "<group>";
		};
		7A1FA68A1A6E13CF00374C69 /* Products */ = {
			isa = PBXGroup;
			children = (
				7A1FA6891A6E13CF00374C69 /* ARNPageContainer-Swift.app */,
				7A1FA69E1A6E13CF00374C69 /* ARNPageContainer-SwiftTests.xctest */,
			);
			name = Products;
			sourceTree = "<group>";
		};
		7A1FA68B1A6E13CF00374C69 /* ARNPageContainer-Swift */ = {
			isa = PBXGroup;
			children = (
				7A1FA6AE1A6E143E00374C69 /* Lib */,
				7A1FA68E1A6E13CF00374C69 /* AppDelegate.swift */,
				7A1FA6901A6E13CF00374C69 /* ViewController.swift */,
				7A1FA6921A6E13CF00374C69 /* Main.storyboard */,
				7A1FA6951A6E13CF00374C69 /* Images.xcassets */,
				7A1FA6971A6E13CF00374C69 /* LaunchScreen.xib */,
				7A7C2E0D1A8B7BE6006D1842 /* image.JPG */,
				7A1FA68C1A6E13CF00374C69 /* Supporting Files */,
			);
			path = "ARNPageContainer-Swift";
			sourceTree = "<group>";
		};
		7A1FA68C1A6E13CF00374C69 /* Supporting Files */ = {
			isa = PBXGroup;
			children = (
				7A1FA68D1A6E13CF00374C69 /* Info.plist */,
			);
			name = "Supporting Files";
			sourceTree = "<group>";
		};
		7A1FA6A11A6E13CF00374C69 /* ARNPageContainer-SwiftTests */ = {
			isa = PBXGroup;
			children = (
				7A1FA6A41A6E13CF00374C69 /* ARNPageContainer_SwiftTests.swift */,
				7A1FA6A21A6E13CF00374C69 /* Supporting Files */,
			);
			path = "ARNPageContainer-SwiftTests";
			sourceTree = "<group>";
		};
		7A1FA6A21A6E13CF00374C69 /* Supporting Files */ = {
			isa = PBXGroup;
			children = (
				7A1FA6A31A6E13CF00374C69 /* Info.plist */,
			);
			name = "Supporting Files";
			sourceTree = "<group>";
		};
		7A1FA6AE1A6E143E00374C69 /* Lib */ = {
			isa = PBXGroup;
			children = (
				7A1FA6AF1A6E145B00374C69 /* ARNPageContainer.swift */,
				7A1FA6B11A6E153200374C69 /* ARNPageContainerTabView.swift */,
				56C69C451A77C8D700982ECE /* UIView+AutoLayout.swift */,
				9108369F1BA00C7700F293BB /* UIColor+RGBA.swift */,
			);
			name = Lib;
			sourceTree = "<group>";
		};
/* End PBXGroup section */

/* Begin PBXNativeTarget section */
		7A1FA6881A6E13CF00374C69 /* ARNPageContainer-Swift */ = {
			isa = PBXNativeTarget;
			buildConfigurationList = 7A1FA6A81A6E13CF00374C69 /* Build configuration list for PBXNativeTarget "ARNPageContainer-Swift" */;
			buildPhases = (
				7A1FA6851A6E13CF00374C69 /* Sources */,
				7A1FA6861A6E13CF00374C69 /* Frameworks */,
				7A1FA6871A6E13CF00374C69 /* Resources */,
			);
			buildRules = (
			);
			dependencies = (
			);
			name = "ARNPageContainer-Swift";
			productName = "ARNPageContainer-Swift";
			productReference = 7A1FA6891A6E13CF00374C69 /* ARNPageContainer-Swift.app */;
			productType = "com.apple.product-type.application";
		};
		7A1FA69D1A6E13CF00374C69 /* ARNPageContainer-SwiftTests */ = {
			isa = PBXNativeTarget;
			buildConfigurationList = 7A1FA6AB1A6E13CF00374C69 /* Build configuration list for PBXNativeTarget "ARNPageContainer-SwiftTests" */;
			buildPhases = (
				7A1FA69A1A6E13CF00374C69 /* Sources */,
				7A1FA69B1A6E13CF00374C69 /* Frameworks */,
				7A1FA69C1A6E13CF00374C69 /* Resources */,
			);
			buildRules = (
			);
			dependencies = (
				7A1FA6A01A6E13CF00374C69 /* PBXTargetDependency */,
			);
			name = "ARNPageContainer-SwiftTests";
			productName = "ARNPageContainer-SwiftTests";
			productReference = 7A1FA69E1A6E13CF00374C69 /* ARNPageContainer-SwiftTests.xctest */;
			productType = "com.apple.product-type.bundle.unit-test";
		};
/* End PBXNativeTarget section */

/* Begin PBXProject section */
		7A1FA6811A6E13CF00374C69 /* Project object */ = {
			isa = PBXProject;
			attributes = {
				LastSwiftMigration = 0700;
				LastSwiftUpdateCheck = 0700;
				LastUpgradeCheck = 0700;
				ORGANIZATIONNAME = Airin;
				TargetAttributes = {
					7A1FA6881A6E13CF00374C69 = {
						CreatedOnToolsVersion = 6.1.1;
					};
					7A1FA69D1A6E13CF00374C69 = {
						CreatedOnToolsVersion = 6.1.1;
						TestTargetID = 7A1FA6881A6E13CF00374C69;
					};
				};
			};
			buildConfigurationList = 7A1FA6841A6E13CF00374C69 /* Build configuration list for PBXProject "ARNPageContainer-Swift" */;
			compatibilityVersion = "Xcode 3.2";
			developmentRegion = English;
			hasScannedForEncodings = 0;
			knownRegions = (
				en,
				Base,
			);
			mainGroup = 7A1FA6801A6E13CF00374C69;
			productRefGroup = 7A1FA68A1A6E13CF00374C69 /* Products */;
			projectDirPath = "";
			projectRoot = "";
			targets = (
				7A1FA6881A6E13CF00374C69 /* ARNPageContainer-Swift */,
				7A1FA69D1A6E13CF00374C69 /* ARNPageContainer-SwiftTests */,
			);
		};
/* End PBXProject section */

/* Begin PBXResourcesBuildPhase section */
		7A1FA6871A6E13CF00374C69 /* Resources */ = {
			isa = PBXResourcesBuildPhase;
			buildActionMask = 2147483647;
			files = (
				7A1FA6941A6E13CF00374C69 /* Main.storyboard in Resources */,
				7A1FA6991A6E13CF00374C69 /* LaunchScreen.xib in Resources */,
				7A1FA6961A6E13CF00374C69 /* Images.xcassets in Resources */,
				7A7C2E0E1A8B7BE6006D1842 /* image.JPG in Resources */,
			);
			runOnlyForDeploymentPostprocessing = 0;
		};
		7A1FA69C1A6E13CF00374C69 /* Resources */ = {
			isa = PBXResourcesBuildPhase;
			buildActionMask = 2147483647;
			files = (
			);
			runOnlyForDeploymentPostprocessing = 0;
		};
/* End PBXResourcesBuildPhase section */

/* Begin PBXSourcesBuildPhase section */
		7A1FA6851A6E13CF00374C69 /* Sources */ = {
			isa = PBXSourcesBuildPhase;
			buildActionMask = 2147483647;
			files = (
				7A1FA6911A6E13CF00374C69 /* ViewController.swift in Sources */,
				7A1FA68F1A6E13CF00374C69 /* AppDelegate.swift in Sources */,
				7A1FA6B01A6E145B00374C69 /* ARNPageContainer.swift in Sources */,
				910836A01BA00C7700F293BB /* UIColor+RGBA.swift in Sources */,
				56C69C461A77C8D700982ECE /* UIView+AutoLayout.swift in Sources */,
				7A1FA6B21A6E153200374C69 /* ARNPageContainerTabView.swift in Sources */,
			);
			runOnlyForDeploymentPostprocessing = 0;
		};
		7A1FA69A1A6E13CF00374C69 /* Sources */ = {
			isa = PBXSourcesBuildPhase;
			buildActionMask = 2147483647;
			files = (
				7A1FA6A51A6E13CF00374C69 /* ARNPageContainer_SwiftTests.swift in Sources */,
			);
			runOnlyForDeploymentPostprocessing = 0;
		};
/* End PBXSourcesBuildPhase section */

/* Begin PBXTargetDependency section */
		7A1FA6A01A6E13CF00374C69 /* PBXTargetDependency */ = {
			isa = PBXTargetDependency;
			target = 7A1FA6881A6E13CF00374C69 /* ARNPageContainer-Swift */;
			targetProxy = 7A1FA69F1A6E13CF00374C69 /* PBXContainerItemProxy */;
		};
/* End PBXTargetDependency section */

/* Begin PBXVariantGroup section */
		7A1FA6921A6E13CF00374C69 /* Main.storyboard */ = {
			isa = PBXVariantGroup;
			children = (
				7A1FA6931A6E13CF00374C69 /* Base */,
			);
			name = Main.storyboard;
			sourceTree = "<group>";
		};
		7A1FA6971A6E13CF00374C69 /* LaunchScreen.xib */ = {
			isa = PBXVariantGroup;
			children = (
				7A1FA6981A6E13CF00374C69 /* Base */,
			);
			name = LaunchScreen.xib;
			sourceTree = "<group>";
		};
/* End PBXVariantGroup section */

/* Begin XCBuildConfiguration section */
		7A1FA6A61A6E13CF00374C69 /* Debug */ = {
			isa = XCBuildConfiguration;
			buildSettings = {
				ALWAYS_SEARCH_USER_PATHS = NO;
				CLANG_CXX_LANGUAGE_STANDARD = "gnu++0x";
				CLANG_CXX_LIBRARY = "libc++";
				CLANG_ENABLE_MODULES = YES;
				CLANG_ENABLE_OBJC_ARC = YES;
				CLANG_WARN_BOOL_CONVERSION = YES;
				CLANG_WARN_CONSTANT_CONVERSION = YES;
				CLANG_WARN_DIRECT_OBJC_ISA_USAGE = YES_ERROR;
				CLANG_WARN_EMPTY_BODY = YES;
				CLANG_WARN_ENUM_CONVERSION = YES;
				CLANG_WARN_INT_CONVERSION = YES;
				CLANG_WARN_OBJC_ROOT_CLASS = YES_ERROR;
				CLANG_WARN_UNREACHABLE_CODE = YES;
				CLANG_WARN__DUPLICATE_METHOD_MATCH = YES;
				"CODE_SIGN_IDENTITY[sdk=iphoneos*]" = "iPhone Developer";
				COPY_PHASE_STRIP = NO;
				ENABLE_STRICT_OBJC_MSGSEND = YES;
				ENABLE_TESTABILITY = YES;
				GCC_C_LANGUAGE_STANDARD = gnu99;
				GCC_DYNAMIC_NO_PIC = NO;
				GCC_OPTIMIZATION_LEVEL = 0;
				GCC_PREPROCESSOR_DEFINITIONS = (
					"DEBUG=1",
					"$(inherited)",
				);
				GCC_SYMBOLS_PRIVATE_EXTERN = NO;
				GCC_WARN_64_TO_32_BIT_CONVERSION = YES;
				GCC_WARN_ABOUT_RETURN_TYPE = YES_ERROR;
				GCC_WARN_UNDECLARED_SELECTOR = YES;
				GCC_WARN_UNINITIALIZED_AUTOS = YES_AGGRESSIVE;
				GCC_WARN_UNUSED_FUNCTION = YES;
				GCC_WARN_UNUSED_VARIABLE = YES;
				IPHONEOS_DEPLOYMENT_TARGET = 8.0;
				MTL_ENABLE_DEBUG_INFO = YES;
				ONLY_ACTIVE_ARCH = YES;
				SDKROOT = iphoneos;
				SWIFT_OPTIMIZATION_LEVEL = "-Onone";
			};
			name = Debug;
		};
		7A1FA6A71A6E13CF00374C69 /* Release */ = {
			isa = XCBuildConfiguration;
			buildSettings = {
				ALWAYS_SEARCH_USER_PATHS = NO;
				CLANG_CXX_LANGUAGE_STANDARD = "gnu++0x";
				CLANG_CXX_LIBRARY = "libc++";
				CLANG_ENABLE_MODULES = YES;
				CLANG_ENABLE_OBJC_ARC = YES;
				CLANG_WARN_BOOL_CONVERSION = YES;
				CLANG_WARN_CONSTANT_CONVERSION = YES;
				CLANG_WARN_DIRECT_OBJC_ISA_USAGE = YES_ERROR;
				CLANG_WARN_EMPTY_BODY = YES;
				CLANG_WARN_ENUM_CONVERSION = YES;
				CLANG_WARN_INT_CONVERSION = YES;
				CLANG_WARN_OBJC_ROOT_CLASS = YES_ERROR;
				CLANG_WARN_UNREACHABLE_CODE = YES;
				CLANG_WARN__DUPLICATE_METHOD_MATCH = YES;
				"CODE_SIGN_IDENTITY[sdk=iphoneos*]" = "iPhone Developer";
				COPY_PHASE_STRIP = YES;
				ENABLE_NS_ASSERTIONS = NO;
				ENABLE_STRICT_OBJC_MSGSEND = YES;
				GCC_C_LANGUAGE_STANDARD = gnu99;
				GCC_WARN_64_TO_32_BIT_CONVERSION = YES;
				GCC_WARN_ABOUT_RETURN_TYPE = YES_ERROR;
				GCC_WARN_UNDECLARED_SELECTOR = YES;
				GCC_WARN_UNINITIALIZED_AUTOS = YES_AGGRESSIVE;
				GCC_WARN_UNUSED_FUNCTION = YES;
				GCC_WARN_UNUSED_VARIABLE = YES;
				IPHONEOS_DEPLOYMENT_TARGET = 8.0;
				MTL_ENABLE_DEBUG_INFO = NO;
				SDKROOT = iphoneos;
				VALIDATE_PRODUCT = YES;
			};
			name = Release;
		};
		7A1FA6A91A6E13CF00374C69 /* Debug */ = {
			isa = XCBuildConfiguration;
			buildSettings = {
				ASSETCATALOG_COMPILER_APPICON_NAME = AppIcon;
				INFOPLIST_FILE = "ARNPageContainer-Swift/Info.plist";
				IPHONEOS_DEPLOYMENT_TARGET = 8.1;
				LD_RUNPATH_SEARCH_PATHS = "$(inherited) @executable_path/Frameworks";
				PRODUCT_BUNDLE_IDENTIFIER = "Airin.$(PRODUCT_NAME:rfc1034identifier)";
				PRODUCT_NAME = "$(TARGET_NAME)";
			};
			name = Debug;
		};
		7A1FA6AA1A6E13CF00374C69 /* Release */ = {
			isa = XCBuildConfiguration;
			buildSettings = {
				ASSETCATALOG_COMPILER_APPICON_NAME = AppIcon;
				INFOPLIST_FILE = "ARNPageContainer-Swift/Info.plist";
				IPHONEOS_DEPLOYMENT_TARGET = 8.1;
				LD_RUNPATH_SEARCH_PATHS = "$(inherited) @executable_path/Frameworks";
				PRODUCT_BUNDLE_IDENTIFIER = "Airin.$(PRODUCT_NAME:rfc1034identifier)";
				PRODUCT_NAME = "$(TARGET_NAME)";
			};
			name = Release;
		};
		7A1FA6AC1A6E13CF00374C69 /* Debug */ = {
			isa = XCBuildConfiguration;
			buildSettings = {
				BUNDLE_LOADER = "$(TEST_HOST)";
				FRAMEWORK_SEARCH_PATHS = (
					"$(SDKROOT)/Developer/Library/Frameworks",
					"$(inherited)",
				);
				GCC_PREPROCESSOR_DEFINITIONS = (
					"DEBUG=1",
					"$(inherited)",
				);
				INFOPLIST_FILE = "ARNPageContainer-SwiftTests/Info.plist";
				LD_RUNPATH_SEARCH_PATHS = "$(inherited) @executable_path/Frameworks @loader_path/Frameworks";
				PRODUCT_BUNDLE_IDENTIFIER = "Airin.$(PRODUCT_NAME:rfc1034identifier)";
				PRODUCT_NAME = "$(TARGET_NAME)";
				TEST_HOST = "$(BUILT_PRODUCTS_DIR)/ARNPageContainer-Swift.app/ARNPageContainer-Swift";
			};
			name = Debug;
		};
		7A1FA6AD1A6E13CF00374C69 /* Release */ = {
			isa = XCBuildConfiguration;
			buildSettings = {
				BUNDLE_LOADER = "$(TEST_HOST)";
				FRAMEWORK_SEARCH_PATHS = (
					"$(SDKROOT)/Developer/Library/Frameworks",
					"$(inherited)",
				);
				INFOPLIST_FILE = "ARNPageContainer-SwiftTests/Info.plist";
				LD_RUNPATH_SEARCH_PATHS = "$(inherited) @executable_path/Frameworks @loader_path/Frameworks";
				PRODUCT_BUNDLE_IDENTIFIER = "Airin.$(PRODUCT_NAME:rfc1034identifier)";
				PRODUCT_NAME = "$(TARGET_NAME)";
				TEST_HOST = "$(BUILT_PRODUCTS_DIR)/ARNPageContainer-Swift.app/ARNPageContainer-Swift";
			};
			name = Release;
		};
/* End XCBuildConfiguration section */

/* Begin XCConfigurationList section */
		7A1FA6841A6E13CF00374C69 /* Build configuration list for PBXProject "ARNPageContainer-Swift" */ = {
			isa = XCConfigurationList;
			buildConfigurations = (
				7A1FA6A61A6E13CF00374C69 /* Debug */,
				7A1FA6A71A6E13CF00374C69 /* Release */,
			);
			defaultConfigurationIsVisible = 0;
			defaultConfigurationName = Release;
		};
		7A1FA6A81A6E13CF00374C69 /* Build configuration list for PBXNativeTarget "ARNPageContainer-Swift" */ = {
			isa = XCConfigurationList;
			buildConfigurations = (
				7A1FA6A91A6E13CF00374C69 /* Debug */,
				7A1FA6AA1A6E13CF00374C69 /* Release */,
			);
			defaultConfigurationIsVisible = 0;
			defaultConfigurationName = Release;
		};
		7A1FA6AB1A6E13CF00374C69 /* Build configuration list for PBXNativeTarget "ARNPageContainer-SwiftTests" */ = {
			isa = XCConfigurationList;
			buildConfigurations = (
				7A1FA6AC1A6E13CF00374C69 /* Debug */,
				7A1FA6AD1A6E13CF00374C69 /* Release */,
			);
			defaultConfigurationIsVisible = 0;
			defaultConfigurationName = Release;
		};
/* End XCConfigurationList section */
	};
	rootObject = 7A1FA6811A6E13CF00374C69 /* Project object */;
}
